
Microsoft Visual Studio Solution File, Format Version 12.00
# Visual Studio Version 17
VisualStudioVersion = 17.0.31903.59
MinimumVisualStudioVersion = 10.0.40219.1
Project("{FAE04EC0-301F-11D3-BF4B-00C04F79EFBC}") = "CSharp", "..\CSharp\CSharp.csproj", "{1E257D75-FE8E-4B9F-A89B-F33DA94AC59E}"
EndProject
Project("{FAE04EC0-301F-11D3-BF4B-00C04F79EFBC}") = "CSharpTest", "..\CSharpTest\CSharpTest.csproj", "{CACE9724-9EDD-4289-ABEB-501EC4F901F9}"
EndProject
Global
	GlobalSection(SolutionConfigurationPlatforms) = preSolution
		Debug|Any CPU = Debug|Any CPU
		Release|Any CPU = Release|Any CPU
	EndGlobalSection
	GlobalSection(SolutionProperties) = preSolution
		HideSolutionNode = FALSE
	EndGlobalSection
	GlobalSection(ProjectConfigurationPlatforms) = postSolution
		{1E257D75-FE8E-4B9F-A89B-F33DA94AC59E}.Debug|Any CPU.ActiveCfg = Debug|Any CPU
		{1E257D75-FE8E-4B9F-A89B-F33DA94AC59E}.Debug|Any CPU.Build.0 = Debug|Any CPU
		{1E257D75-FE8E-4B9F-A89B-F33DA94AC59E}.Release|Any CPU.ActiveCfg = Release|Any CPU
		{1E257D75-FE8E-4B9F-A89B-F33DA94AC59E}.Release|Any CPU.Build.0 = Release|Any CPU
		{CACE9724-9EDD-4289-ABEB-501EC4F901F9}.Debug|Any CPU.ActiveCfg = Debug|Any CPU
		{CACE9724-9EDD-4289-ABEB-501EC4F901F9}.Debug|Any CPU.Build.0 = Debug|Any CPU
		{CACE9724-9EDD-4289-ABEB-501EC4F901F9}.Release|Any CPU.ActiveCfg = Release|Any CPU
		{CACE9724-9EDD-4289-ABEB-501EC4F901F9}.Release|Any CPU.Build.0 = Release|Any CPU
	EndGlobalSection
EndGlobal
